
Microsoft Visual Studio Solution File, Format Version 12.00
# Visual Studio Version 17
VisualStudioVersion = 17.11.35312.102
MinimumVisualStudioVersion = 10.0.40219.1
Project("{FAE04EC0-301F-11D3-BF4B-00C04F79EFBC}") = "Optimar_Frost", "Optimar_Frost\Optimar_Frost.csproj", "{CDA3A42E-E614-4669-9298-9D10F090646E}"
EndProject
Global
	GlobalSection(SolutionConfigurationPlatforms) = preSolution
		Debug|Any CPU = Debug|Any CPU
		Release|Any CPU = Release|Any CPU
	EndGlobalSection
	GlobalSection(ProjectConfigurationPlatforms) = postSolution
		{CDA3A42E-E614-4669-9298-9D10F090646E}.Debug|Any CPU.ActiveCfg = Debug|Any CPU
		{CDA3A42E-E614-4669-9298-9D10F090646E}.Debug|Any CPU.Build.0 = Debug|Any CPU
		{CDA3A42E-E614-4669-9298-9D10F090646E}.Release|Any CPU.ActiveCfg = Release|Any CPU
		{CDA3A42E-E614-4669-9298-9D10F090646E}.Release|Any CPU.Build.0 = Release|Any CPU
	EndGlobalSection
	GlobalSection(SolutionProperties) = preSolution
		HideSolutionNode = FALSE
	EndGlobalSection
	GlobalSection(ExtensibilityGlobals) = postSolution
		SolutionGuid = {CDCCC0E2-E875-4164-8D2C-F3C020E4E544}
	EndGlobalSection
EndGlobal
